
Microsoft Visual Studio Solution File, Format Version 12.00
# Visual Studio 14
VisualStudioVersion = 14.0.25420.1
MinimumVisualStudioVersion = 10.0.40219.1
Project("{FAE04EC0-301F-11D3-BF4B-00C04F79EFBC}") = "VehicleRoutingProblem", "VehicleRoutingProblem\VehicleRoutingProblem.csproj", "{20C3AA86-C601-45C1-ADBE-9B444FC40260}"
	ProjectSection(ProjectDependencies) = postProject
		{9C59C516-FCA0-4FCF-AE11-E20F0F1B1949} = {9C59C516-FCA0-4FCF-AE11-E20F0F1B1949}
		{90D874F2-486E-477E-93A9-FFA6FC92A2F4} = {90D874F2-486E-477E-93A9-FFA6FC92A2F4}
	EndProjectSection
EndProject
Project("{FAE04EC0-301F-11D3-BF4B-00C04F79EFBC}") = "GraphSharp.Controls", "Graph#.Controls\GraphSharp.Controls.csproj", "{90D874F2-486E-477E-93A9-FFA6FC92A2F4}"
EndProject
Project("{FAE04EC0-301F-11D3-BF4B-00C04F79EFBC}") = "GraphSharp", "Graph#\GraphSharp.csproj", "{9C59C516-FCA0-4FCF-AE11-E20F0F1B1949}"
EndProject
Global
	GlobalSection(SolutionConfigurationPlatforms) = preSolution
		Debug|Any CPU = Debug|Any CPU
		DebugWithoutPlugins|Any CPU = DebugWithoutPlugins|Any CPU
		Release|Any CPU = Release|Any CPU
	EndGlobalSection
	GlobalSection(ProjectConfigurationPlatforms) = postSolution
		{20C3AA86-C601-45C1-ADBE-9B444FC40260}.Debug|Any CPU.ActiveCfg = Debug|Any CPU
		{20C3AA86-C601-45C1-ADBE-9B444FC40260}.Debug|Any CPU.Build.0 = Debug|Any CPU
		{20C3AA86-C601-45C1-ADBE-9B444FC40260}.DebugWithoutPlugins|Any CPU.ActiveCfg = Debug|Any CPU
		{20C3AA86-C601-45C1-ADBE-9B444FC40260}.DebugWithoutPlugins|Any CPU.Build.0 = Debug|Any CPU
		{20C3AA86-C601-45C1-ADBE-9B444FC40260}.Release|Any CPU.ActiveCfg = Release|Any CPU
		{20C3AA86-C601-45C1-ADBE-9B444FC40260}.Release|Any CPU.Build.0 = Release|Any CPU
		{90D874F2-486E-477E-93A9-FFA6FC92A2F4}.Debug|Any CPU.ActiveCfg = Debug|Any CPU
		{90D874F2-486E-477E-93A9-FFA6FC92A2F4}.Debug|Any CPU.Build.0 = Debug|Any CPU
		{90D874F2-486E-477E-93A9-FFA6FC92A2F4}.DebugWithoutPlugins|Any CPU.ActiveCfg = DebugWithoutPlugins|Any CPU
		{90D874F2-486E-477E-93A9-FFA6FC92A2F4}.DebugWithoutPlugins|Any CPU.Build.0 = DebugWithoutPlugins|Any CPU
		{90D874F2-486E-477E-93A9-FFA6FC92A2F4}.Release|Any CPU.ActiveCfg = Release|Any CPU
		{90D874F2-486E-477E-93A9-FFA6FC92A2F4}.Release|Any CPU.Build.0 = Release|Any CPU
		{9C59C516-FCA0-4FCF-AE11-E20F0F1B1949}.Debug|Any CPU.ActiveCfg = Debug|Any CPU
		{9C59C516-FCA0-4FCF-AE11-E20F0F1B1949}.Debug|Any CPU.Build.0 = Debug|Any CPU
		{9C59C516-FCA0-4FCF-AE11-E20F0F1B1949}.DebugWithoutPlugins|Any CPU.ActiveCfg = DebugWithoutPlugins|Any CPU
		{9C59C516-FCA0-4FCF-AE11-E20F0F1B1949}.DebugWithoutPlugins|Any CPU.Build.0 = DebugWithoutPlugins|Any CPU
		{9C59C516-FCA0-4FCF-AE11-E20F0F1B1949}.Release|Any CPU.ActiveCfg = Release|Any CPU
		{9C59C516-FCA0-4FCF-AE11-E20F0F1B1949}.Release|Any CPU.Build.0 = Release|Any CPU
	EndGlobalSection
	GlobalSection(SolutionProperties) = preSolution
		HideSolutionNode = FALSE
	EndGlobalSection
EndGlobal
